
Microsoft Visual Studio Solution File, Format Version 12.00
# Visual Studio 15
VisualStudioVersion = 15.0.26124.0
MinimumVisualStudioVersion = 15.0.26124.0
Project("{2150E333-8FDC-42A3-9474-1A3956D46DE8}") = "src", "src", "{2BC958A6-E5FF-4B5A-889D-F58BFE25709A}"
EndProject
Project("{FAE04EC0-301F-11D3-BF4B-00C04F79EFBC}") = "GradeBook", "src\GradeBook\GradeBook.csproj", "{95A2852C-59AE-4C6C-A74A-48E859CD85EB}"
EndProject
Project("{2150E333-8FDC-42A3-9474-1A3956D46DE8}") = "test", "test", "{AEDEF716-8D0A-46CB-8F0D-9B413AFC3C62}"
EndProject
Project("{FAE04EC0-301F-11D3-BF4B-00C04F79EFBC}") = "GradeBook.Tests", "test\GradeBook.Tests\GradeBook.Tests.csproj", "{DBA24378-B614-450D-9A38-F2C32E563B17}"
EndProject
Global
	GlobalSection(SolutionConfigurationPlatforms) = preSolution
		Debug|Any CPU = Debug|Any CPU
		Debug|x64 = Debug|x64
		Debug|x86 = Debug|x86
		Release|Any CPU = Release|Any CPU
		Release|x64 = Release|x64
		Release|x86 = Release|x86
	EndGlobalSection
	GlobalSection(SolutionProperties) = preSolution
		HideSolutionNode = FALSE
	EndGlobalSection
	GlobalSection(ProjectConfigurationPlatforms) = postSolution
		{95A2852C-59AE-4C6C-A74A-48E859CD85EB}.Debug|Any CPU.ActiveCfg = Debug|Any CPU
		{95A2852C-59AE-4C6C-A74A-48E859CD85EB}.Debug|Any CPU.Build.0 = Debug|Any CPU
		{95A2852C-59AE-4C6C-A74A-48E859CD85EB}.Debug|x64.ActiveCfg = Debug|Any CPU
		{95A2852C-59AE-4C6C-A74A-48E859CD85EB}.Debug|x64.Build.0 = Debug|Any CPU
		{95A2852C-59AE-4C6C-A74A-48E859CD85EB}.Debug|x86.ActiveCfg = Debug|Any CPU
		{95A2852C-59AE-4C6C-A74A-48E859CD85EB}.Debug|x86.Build.0 = Debug|Any CPU
		{95A2852C-59AE-4C6C-A74A-48E859CD85EB}.Release|Any CPU.ActiveCfg = Release|Any CPU
		{95A2852C-59AE-4C6C-A74A-48E859CD85EB}.Release|Any CPU.Build.0 = Release|Any CPU
		{95A2852C-59AE-4C6C-A74A-48E859CD85EB}.Release|x64.ActiveCfg = Release|Any CPU
		{95A2852C-59AE-4C6C-A74A-48E859CD85EB}.Release|x64.Build.0 = Release|Any CPU
		{95A2852C-59AE-4C6C-A74A-48E859CD85EB}.Release|x86.ActiveCfg = Release|Any CPU
		{95A2852C-59AE-4C6C-A74A-48E859CD85EB}.Release|x86.Build.0 = Release|Any CPU
		{DBA24378-B614-450D-9A38-F2C32E563B17}.Debug|Any CPU.ActiveCfg = Debug|Any CPU
		{DBA24378-B614-450D-9A38-F2C32E563B17}.Debug|Any CPU.Build.0 = Debug|Any CPU
		{DBA24378-B614-450D-9A38-F2C32E563B17}.Debug|x64.ActiveCfg = Debug|Any CPU
		{DBA24378-B614-450D-9A38-F2C32E563B17}.Debug|x64.Build.0 = Debug|Any CPU
		{DBA24378-B614-450D-9A38-F2C32E563B17}.Debug|x86.ActiveCfg = Debug|Any CPU
		{DBA24378-B614-450D-9A38-F2C32E563B17}.Debug|x86.Build.0 = Debug|Any CPU
		{DBA24378-B614-450D-9A38-F2C32E563B17}.Release|Any CPU.ActiveCfg = Release|Any CPU
		{DBA24378-B614-450D-9A38-F2C32E563B17}.Release|Any CPU.Build.0 = Release|Any CPU
		{DBA24378-B614-450D-9A38-F2C32E563B17}.Release|x64.ActiveCfg = Release|Any CPU
		{DBA24378-B614-450D-9A38-F2C32E563B17}.Release|x64.Build.0 = Release|Any CPU
		{DBA24378-B614-450D-9A38-F2C32E563B17}.Release|x86.ActiveCfg = Release|Any CPU
		{DBA24378-B614-450D-9A38-F2C32E563B17}.Release|x86.Build.0 = Release|Any CPU
	EndGlobalSection
	GlobalSection(NestedProjects) = preSolution
		{95A2852C-59AE-4C6C-A74A-48E859CD85EB} = {2BC958A6-E5FF-4B5A-889D-F58BFE25709A}
		{DBA24378-B614-450D-9A38-F2C32E563B17} = {AEDEF716-8D0A-46CB-8F0D-9B413AFC3C62}
	EndGlobalSection
EndGlobal
